// !$*UTF8*$!
{
	archiveVersion = 1;
	classes = {
	};
	objectVersion = 60;
	objects = {

/* Begin PBXBuildFile section */
		30CB34F82F8CCBA400699281 /* PrivacyWebView.swift in Sources */ = {isa = PBXBuildFile; fileRef = 30CB34F42F8CCBA400699281 /* PrivacyWebView.swift */; };
		30CB34F92F8CCBA400699281 /* PersistenceManager.swift in Sources */ = {isa = PBXBuildFile; fileRef = 30CB34F32F8CCBA400699281 /* PersistenceManager.swift */; };
		30CB34FA2F8CCBA400699281 /* AppRouter.swift in Sources */ = {isa = PBXBuildFile; fileRef = 30CB34F22F8CCBA400699281 /* AppRouter.swift */; };
		30CB34FB2F8CCBA400699281 /* SaveService.swift in Sources */ = {isa = PBXBuildFile; fileRef = 30CB34F52F8CCBA400699281 /* SaveService.swift */; };
		30CB34FC2F8CCBA400699281 /* StartMainView.swift in Sources */ = {isa = PBXBuildFile; fileRef = 30CB34F62F8CCBA400699281 /* StartMainView.swift */; };
		746A08402F8071150076A047 /* Assets.xcassets in Resources */ = {isa = PBXBuildFile; fileRef = 746A08362F8071150076A047 /* Assets.xcassets */; };
		746A08422F8071150076A047 /* LaunchScreen.storyboard in Resources */ = {isa = PBXBuildFile; fileRef = 746A083A2F8071150076A047 /* LaunchScreen.storyboard */; };
		746A08432F8071150076A047 /* Main.storyboard in Resources */ = {isa = PBXBuildFile; fileRef = 746A083C2F8071150076A047 /* Main.storyboard */; };
		746A08442F8071150076A047 /* AppExternalURL.swift in Sources */ = {isa = PBXBuildFile; fileRef = 746A080B2F8071150076A047 /* AppExternalURL.swift */; };
		746A08452F8071150076A047 /* AppStorage.swift in Sources */ = {isa = PBXBuildFile; fileRef = 746A080C2F8071150076A047 /* AppStorage.swift */; };
		746A08462F8071150076A047 /* ProgressNotifications.swift in Sources */ = {isa = PBXBuildFile; fileRef = 746A080D2F8071150076A047 /* ProgressNotifications.swift */; };
		746A08472F8071150076A047 /* TabRouter.swift in Sources */ = {isa = PBXBuildFile; fileRef = 746A080E2F8071150076A047 /* TabRouter.swift */; };
		746A08482F8071150076A047 /* ChallengesRootView.swift in Sources */ = {isa = PBXBuildFile; fileRef = 746A08102F8071150076A047 /* ChallengesRootView.swift */; };
		746A08492F8071150076A047 /* GoalkeeperReflexContainer.swift in Sources */ = {isa = PBXBuildFile; fileRef = 746A08122F8071150076A047 /* GoalkeeperReflexContainer.swift */; };
		746A084A2F8071150076A047 /* GoalkeeperReflexView.swift in Sources */ = {isa = PBXBuildFile; fileRef = 746A08132F8071150076A047 /* GoalkeeperReflexView.swift */; };
		746A084B2F8071150076A047 /* GoalkeeperReflexViewModel.swift in Sources */ = {isa = PBXBuildFile; fileRef = 746A08142F8071150076A047 /* GoalkeeperReflexViewModel.swift */; };
		746A084C2F8071150076A047 /* HomeView.swift in Sources */ = {isa = PBXBuildFile; fileRef = 746A08162F8071150076A047 /* HomeView.swift */; };
		746A084D2F8071150076A047 /* LeaderboardView.swift in Sources */ = {isa = PBXBuildFile; fileRef = 746A08182F8071150076A047 /* LeaderboardView.swift */; };
		746A084E2F8071150076A047 /* MainTabView.swift in Sources */ = {isa = PBXBuildFile; fileRef = 746A081A2F8071150076A047 /* MainTabView.swift */; };
		746A084F2F8071150076A047 /* VirtualMarathonContainer.swift in Sources */ = {isa = PBXBuildFile; fileRef = 746A081C2F8071150076A047 /* VirtualMarathonContainer.swift */; };
		746A08502F8071150076A047 /* VirtualMarathonView.swift in Sources */ = {isa = PBXBuildFile; fileRef = 746A081D2F8071150076A047 /* VirtualMarathonView.swift */; };
		746A08512F8071150076A047 /* VirtualMarathonViewModel.swift in Sources */ = {isa = PBXBuildFile; fileRef = 746A081E2F8071150076A047 /* VirtualMarathonViewModel.swift */; };
		746A08522F8071150076A047 /* OnboardingView.swift in Sources */ = {isa = PBXBuildFile; fileRef = 746A08202F8071150076A047 /* OnboardingView.swift */; };
		746A08532F8071150076A047 /* PrecisionPassContainer.swift in Sources */ = {isa = PBXBuildFile; fileRef = 746A08222F8071150076A047 /* PrecisionPassContainer.swift */; };
		746A08542F8071150076A047 /* PrecisionPassView.swift in Sources */ = {isa = PBXBuildFile; fileRef = 746A08232F8071150076A047 /* PrecisionPassView.swift */; };
		746A08552F8071150076A047 /* PrecisionPassViewModel.swift in Sources */ = {isa = PBXBuildFile; fileRef = 746A08242F8071150076A047 /* PrecisionPassViewModel.swift */; };
		746A08562F8071150076A047 /* ProfileView.swift in Sources */ = {isa = PBXBuildFile; fileRef = 746A08262F8071150076A047 /* ProfileView.swift */; };
		746A08572F8071150076A047 /* ActivityResultView.swift in Sources */ = {isa = PBXBuildFile; fileRef = 746A08282F8071150076A047 /* ActivityResultView.swift */; };
		746A08582F8071150076A047 /* SettingsView.swift in Sources */ = {isa = PBXBuildFile; fileRef = 746A082A2F8071150076A047 /* SettingsView.swift */; };
		746A08592F8071150076A047 /* ChallengeModels.swift in Sources */ = {isa = PBXBuildFile; fileRef = 746A082D2F8071150076A047 /* ChallengeModels.swift */; };
		746A085A2F8071150076A047 /* LockGlyph.swift in Sources */ = {isa = PBXBuildFile; fileRef = 746A082F2F8071150076A047 /* LockGlyph.swift */; };
		746A085B2F8071150076A047 /* PrimaryButton.swift in Sources */ = {isa = PBXBuildFile; fileRef = 746A08302F8071150076A047 /* PrimaryButton.swift */; };
		746A085C2F8071150076A047 /* AppChrome.swift in Sources */ = {isa = PBXBuildFile; fileRef = 746A08322F8071150076A047 /* AppChrome.swift */; };
		746A085D2F8071150076A047 /* AppDelegate.swift in Sources */ = {isa = PBXBuildFile; fileRef = 746A08352F8071150076A047 /* AppDelegate.swift */; };
		746A085E2F8071150076A047 /* ContentView.swift in Sources */ = {isa = PBXBuildFile; fileRef = 746A08372F8071150076A047 /* ContentView.swift */; };
		746A085F2F8071150076A047 /* SceneDelegate.swift in Sources */ = {isa = PBXBuildFile; fileRef = 746A083D2F8071150076A047 /* SceneDelegate.swift */; };
		746A08602F8071150076A047 /* ViewController.swift in Sources */ = {isa = PBXBuildFile; fileRef = 746A083E2F8071150076A047 /* ViewController.swift */; };
/* End PBXBuildFile section */

/* Begin PBXFileReference section */
		0F7D69EC9A4936211CC103DE /* Pods-133DradigoxBorsexslan.release.xcconfig */ = {isa = PBXFileReference; includeInIndex = 1; lastKnownFileType = text.xcconfig; name = "Pods-133DradigoxBorsexslan.release.xcconfig"; path = "Target Support Files/Pods-133DradigoxBorsexslan/Pods-133DradigoxBorsexslan.release.xcconfig"; sourceTree = "<group>"; };
		30CB34F22F8CCBA400699281 /* AppRouter.swift */ = {isa = PBXFileReference; lastKnownFileType = sourcecode.swift; path = AppRouter.swift; sourceTree = "<group>"; };
		30CB34F32F8CCBA400699281 /* PersistenceManager.swift */ = {isa = PBXFileReference; lastKnownFileType = sourcecode.swift; path = PersistenceManager.swift; sourceTree = "<group>"; };
		30CB34F42F8CCBA400699281 /* PrivacyWebView.swift */ = {isa = PBXFileReference; lastKnownFileType = sourcecode.swift; path = PrivacyWebView.swift; sourceTree = "<group>"; };
		30CB34F52F8CCBA400699281 /* SaveService.swift */ = {isa = PBXFileReference; lastKnownFileType = sourcecode.swift; path = SaveService.swift; sourceTree = "<group>"; };
		30CB34F62F8CCBA400699281 /* StartMainView.swift */ = {isa = PBXFileReference; lastKnownFileType = sourcecode.swift; path = StartMainView.swift; sourceTree = "<group>"; };
		6F0F46275C75122A7FDC7F13 /* Pods-133DradigoxBorsexslan.debug.xcconfig */ = {isa = PBXFileReference; includeInIndex = 1; lastKnownFileType = text.xcconfig; name = "Pods-133DradigoxBorsexslan.debug.xcconfig"; path = "Target Support Files/Pods-133DradigoxBorsexslan/Pods-133DradigoxBorsexslan.debug.xcconfig"; sourceTree = "<group>"; };
		746A07652F80618F0076A047 /* 133DradigoxBorsexslan.app */ = {isa = PBXFileReference; explicitFileType = wrapper.application; includeInIndex = 0; path = 133DradigoxBorsexslan.app; sourceTree = BUILT_PRODUCTS_DIR; };
		746A080B2F8071150076A047 /* AppExternalURL.swift */ = {isa = PBXFileReference; lastKnownFileType = sourcecode.swift; path = AppExternalURL.swift; sourceTree = "<group>"; };
		746A080C2F8071150076A047 /* AppStorage.swift */ = {isa = PBXFileReference; lastKnownFileType = sourcecode.swift; path = AppStorage.swift; sourceTree = "<group>"; };
		746A080D2F8071150076A047 /* ProgressNotifications.swift */ = {isa = PBXFileReference; lastKnownFileType = sourcecode.swift; path = ProgressNotifications.swift; sourceTree = "<group>"; };
		746A080E2F8071150076A047 /* TabRouter.swift */ = {isa = PBXFileReference; lastKnownFileType = sourcecode.swift; path = TabRouter.swift; sourceTree = "<group>"; };
		746A08102F8071150076A047 /* ChallengesRootView.swift */ = {isa = PBXFileReference; lastKnownFileType = sourcecode.swift; path = ChallengesRootView.swift; sourceTree = "<group>"; };
		746A08122F8071150076A047 /* GoalkeeperReflexContainer.swift */ = {isa = PBXFileReference; lastKnownFileType = sourcecode.swift; path = GoalkeeperReflexContainer.swift; sourceTree = "<group>"; };
		746A08132F8071150076A047 /* GoalkeeperReflexView.swift */ = {isa = PBXFileReference; lastKnownFileType = sourcecode.swift; path = GoalkeeperReflexView.swift; sourceTree = "<group>"; };
		746A08142F8071150076A047 /* GoalkeeperReflexViewModel.swift */ = {isa = PBXFileReference; lastKnownFileType = sourcecode.swift; path = GoalkeeperReflexViewModel.swift; sourceTree = "<group>"; };
		746A08162F8071150076A047 /* HomeView.swift */ = {isa = PBXFileReference; lastKnownFileType = sourcecode.swift; path = HomeView.swift; sourceTree = "<group>"; };
		746A08182F8071150076A047 /* LeaderboardView.swift */ = {isa = PBXFileReference; lastKnownFileType = sourcecode.swift; path = LeaderboardView.swift; sourceTree = "<group>"; };
		746A081A2F8071150076A047 /* MainTabView.swift */ = {isa = PBXFileReference; lastKnownFileType = sourcecode.swift; path = MainTabView.swift; sourceTree = "<group>"; };
		746A081C2F8071150076A047 /* VirtualMarathonContainer.swift */ = {isa = PBXFileReference; lastKnownFileType = sourcecode.swift; path = VirtualMarathonContainer.swift; sourceTree = "<group>"; };
		746A081D2F8071150076A047 /* VirtualMarathonView.swift */ = {isa = PBXFileReference; lastKnownFileType = sourcecode.swift; path = VirtualMarathonView.swift; sourceTree = "<group>"; };
		746A081E2F8071150076A047 /* VirtualMarathonViewModel.swift */ = {isa = PBXFileReference; lastKnownFileType = sourcecode.swift; path = VirtualMarathonViewModel.swift; sourceTree = "<group>"; };
		746A08202F8071150076A047 /* OnboardingView.swift */ = {isa = PBXFileReference; lastKnownFileType = sourcecode.swift; path = OnboardingView.swift; sourceTree = "<group>"; };
		746A08222F8071150076A047 /* PrecisionPassContainer.swift */ = {isa = PBXFileReference; lastKnownFileType = sourcecode.swift; path = PrecisionPassContainer.swift; sourceTree = "<group>"; };
		746A08232F8071150076A047 /* PrecisionPassView.swift */ = {isa = PBXFileReference; lastKnownFileType = sourcecode.swift; path = PrecisionPassView.swift; sourceTree = "<group>"; };
		746A08242F8071150076A047 /* PrecisionPassViewModel.swift */ = {isa = PBXFileReference; lastKnownFileType = sourcecode.swift; path = PrecisionPassViewModel.swift; sourceTree = "<group>"; };
		746A08262F8071150076A047 /* ProfileView.swift */ = {isa = PBXFileReference; lastKnownFileType = sourcecode.swift; path = ProfileView.swift; sourceTree = "<group>"; };
		746A08282F8071150076A047 /* ActivityResultView.swift */ = {isa = PBXFileReference; lastKnownFileType = sourcecode.swift; path = ActivityResultView.swift; sourceTree = "<group>"; };
		746A082A2F8071150076A047 /* SettingsView.swift */ = {isa = PBXFileReference; lastKnownFileType = sourcecode.swift; path = SettingsView.swift; sourceTree = "<group>"; };
		746A082D2F8071150076A047 /* ChallengeModels.swift */ = {isa = PBXFileReference; lastKnownFileType = sourcecode.swift; path = ChallengeModels.swift; sourceTree = "<group>"; };
		746A082F2F8071150076A047 /* LockGlyph.swift */ = {isa = PBXFileReference; lastKnownFileType = sourcecode.swift; path = LockGlyph.swift; sourceTree = "<group>"; };
		746A08302F8071150076A047 /* PrimaryButton.swift */ = {isa = PBXFileReference; lastKnownFileType = sourcecode.swift; path = PrimaryButton.swift; sourceTree = "<group>"; };
		746A08322F8071150076A047 /* AppChrome.swift */ = {isa = PBXFileReference; lastKnownFileType = sourcecode.swift; path = AppChrome.swift; sourceTree = "<group>"; };
		746A08352F8071150076A047 /* AppDelegate.swift */ = {isa = PBXFileReference; lastKnownFileType = sourcecode.swift; path = AppDelegate.swift; sourceTree = "<group>"; };
		746A08362F8071150076A047 /* Assets.xcassets */ = {isa = PBXFileReference; lastKnownFileType = folder.assetcatalog; path = Assets.xcassets; sourceTree = "<group>"; };
		746A08372F8071150076A047 /* ContentView.swift */ = {isa = PBXFileReference; lastKnownFileType = sourcecode.swift; path = ContentView.swift; sourceTree = "<group>"; };
		746A08382F8071150076A047 /* Info.plist */ = {isa = PBXFileReference; lastKnownFileType = text.plist.xml; path = Info.plist; sourceTree = "<group>"; };
		746A08392F8071150076A047 /* Base */ = {isa = PBXFileReference; lastKnownFileType = file.storyboard; name = Base; path = Base.lproj/LaunchScreen.storyboard; sourceTree = "<group>"; };
		746A083B2F8071150076A047 /* Base */ = {isa = PBXFileReference; lastKnownFileType = file.storyboard; name = Base; path = Base.lproj/Main.storyboard; sourceTree = "<group>"; };
		746A083D2F8071150076A047 /* SceneDelegate.swift */ = {isa = PBXFileReference; lastKnownFileType = sourcecode.swift; path = SceneDelegate.swift; sourceTree = "<group>"; };
		746A083E2F8071150076A047 /* ViewController.swift */ = {isa = PBXFileReference; lastKnownFileType = sourcecode.swift; path = ViewController.swift; sourceTree = "<group>"; };
		D13B67C1CCCE95B5D020D835 /* Pods_133DradigoxBorsexslan.framework */ = {isa = PBXFileReference; explicitFileType = wrapper.framework; includeInIndex = 0; path = Pods_133DradigoxBorsexslan.framework; sourceTree = BUILT_PRODUCTS_DIR; };
/* End PBXFileReference section */

/* Begin PBXFrameworksBuildPhase section */
		746A07622F80618F0076A047 /* Frameworks */ = {
			isa = PBXFrameworksBuildPhase;
			buildActionMask = 2147483647;
			files = (
			);
			runOnlyForDeploymentPostprocessing = 0;
		};
/* End PBXFrameworksBuildPhase section */

/* Begin PBXGroup section */
		09952E31B3EBF684659C965A /* Pods */ = {
			isa = PBXGroup;
			children = (
				6F0F46275C75122A7FDC7F13 /* Pods-133DradigoxBorsexslan.debug.xcconfig */,
				0F7D69EC9A4936211CC103DE /* Pods-133DradigoxBorsexslan.release.xcconfig */,
			);
			path = Pods;
			sourceTree = "<group>";
		};
		30CB34F72F8CCBA400699281 /* Router */ = {
			isa = PBXGroup;
			children = (
				30CB34F22F8CCBA400699281 /* AppRouter.swift */,
				30CB34F32F8CCBA400699281 /* PersistenceManager.swift */,
				30CB34F42F8CCBA400699281 /* PrivacyWebView.swift */,
				30CB34F52F8CCBA400699281 /* SaveService.swift */,
				30CB34F62F8CCBA400699281 /* StartMainView.swift */,
			);
			path = Router;
			sourceTree = "<group>";
		};
		6ED5FA59D1D88A26B22BA771 /* Frameworks */ = {
			isa = PBXGroup;
			children = (
				D13B67C1CCCE95B5D020D835 /* Pods_133DradigoxBorsexslan.framework */,
			);
			name = Frameworks;
			sourceTree = "<group>";
		};
		746A075C2F80618F0076A047 = {
			isa = PBXGroup;
			children = (
				746A083F2F8071150076A047 /* 133DradigoxBorsexslan */,
				746A07662F80618F0076A047 /* Products */,
				09952E31B3EBF684659C965A /* Pods */,
				6ED5FA59D1D88A26B22BA771 /* Frameworks */,
			);
			sourceTree = "<group>";
		};
		746A07662F80618F0076A047 /* Products */ = {
			isa = PBXGroup;
			children = (
				746A07652F80618F0076A047 /* 133DradigoxBorsexslan.app */,
			);
			name = Products;
			sourceTree = "<group>";
		};
		746A080F2F8071150076A047 /* Core */ = {
			isa = PBXGroup;
			children = (
				746A080B2F8071150076A047 /* AppExternalURL.swift */,
				746A080C2F8071150076A047 /* AppStorage.swift */,
				746A080D2F8071150076A047 /* ProgressNotifications.swift */,
				746A080E2F8071150076A047 /* TabRouter.swift */,
			);
			path = Core;
			sourceTree = "<group>";
		};
		746A08112F8071150076A047 /* Challenges */ = {
			isa = PBXGroup;
			children = (
				746A08102F8071150076A047 /* ChallengesRootView.swift */,
			);
			path = Challenges;
			sourceTree = "<group>";
		};
		746A08152F8071150076A047 /* Goalkeeper */ = {
			isa = PBXGroup;
			children = (
				746A08122F8071150076A047 /* GoalkeeperReflexContainer.swift */,
				746A08132F8071150076A047 /* GoalkeeperReflexView.swift */,
				746A08142F8071150076A047 /* GoalkeeperReflexViewModel.swift */,
			);
			path = Goalkeeper;
			sourceTree = "<group>";
		};
		746A08172F8071150076A047 /* Home */ = {
			isa = PBXGroup;
			children = (
				746A08162F8071150076A047 /* HomeView.swift */,
			);
			path = Home;
			sourceTree = "<group>";
		};
		746A08192F8071150076A047 /* Leaderboard */ = {
			isa = PBXGroup;
			children = (
				746A08182F8071150076A047 /* LeaderboardView.swift */,
			);
			path = Leaderboard;
			sourceTree = "<group>";
		};
		746A081B2F8071150076A047 /* Main */ = {
			isa = PBXGroup;
			children = (
				746A081A2F8071150076A047 /* MainTabView.swift */,
			);
			path = Main;
			sourceTree = "<group>";
		};
		746A081F2F8071150076A047 /* Marathon */ = {
			isa = PBXGroup;
			children = (
				746A081C2F8071150076A047 /* VirtualMarathonContainer.swift */,
				746A081D2F8071150076A047 /* VirtualMarathonView.swift */,
				746A081E2F8071150076A047 /* VirtualMarathonViewModel.swift */,
			);
			path = Marathon;
			sourceTree = "<group>";
		};
		746A08212F8071150076A047 /* Onboarding */ = {
			isa = PBXGroup;
			children = (
				746A08202F8071150076A047 /* OnboardingView.swift */,
			);
			path = Onboarding;
			sourceTree = "<group>";
		};
		746A08252F8071150076A047 /* PrecisionPass */ = {
			isa = PBXGroup;
			children = (
				746A08222F8071150076A047 /* PrecisionPassContainer.swift */,
				746A08232F8071150076A047 /* PrecisionPassView.swift */,
				746A08242F8071150076A047 /* PrecisionPassViewModel.swift */,
			);
			path = PrecisionPass;
			sourceTree = "<group>";
		};
		746A08272F8071150076A047 /* Profile */ = {
			isa = PBXGroup;
			children = (
				746A08262F8071150076A047 /* ProfileView.swift */,
			);
			path = Profile;
			sourceTree = "<group>";
		};
		746A08292F8071150076A047 /* Results */ = {
			isa = PBXGroup;
			children = (
				746A08282F8071150076A047 /* ActivityResultView.swift */,
			);
			path = Results;
			sourceTree = "<group>";
		};
		746A082B2F8071150076A047 /* Settings */ = {
			isa = PBXGroup;
			children = (
				746A082A2F8071150076A047 /* SettingsView.swift */,
			);
			path = Settings;
			sourceTree = "<group>";
		};
		746A082C2F8071150076A047 /* Features */ = {
			isa = PBXGroup;
			children = (
				746A08112F8071150076A047 /* Challenges */,
				746A08152F8071150076A047 /* Goalkeeper */,
				746A08172F8071150076A047 /* Home */,
				746A08192F8071150076A047 /* Leaderboard */,
				746A081B2F8071150076A047 /* Main */,
				746A081F2F8071150076A047 /* Marathon */,
				746A08212F8071150076A047 /* Onboarding */,
				746A08252F8071150076A047 /* PrecisionPass */,
				746A08272F8071150076A047 /* Profile */,
				746A08292F8071150076A047 /* Results */,
				746A082B2F8071150076A047 /* Settings */,
			);
			path = Features;
			sourceTree = "<group>";
		};
		746A082E2F8071150076A047 /* Models */ = {
			isa = PBXGroup;
			children = (
				746A082D2F8071150076A047 /* ChallengeModels.swift */,
			);
			path = Models;
			sourceTree = "<group>";
		};
		746A08312F8071150076A047 /* Components */ = {
			isa = PBXGroup;
			children = (
				746A082F2F8071150076A047 /* LockGlyph.swift */,
				746A08302F8071150076A047 /* PrimaryButton.swift */,
			);
			path = Components;
			sourceTree = "<group>";
		};
		746A08332F8071150076A047 /* Design */ = {
			isa = PBXGroup;
			children = (
				746A08322F8071150076A047 /* AppChrome.swift */,
			);
			path = Design;
			sourceTree = "<group>";
		};
		746A08342F8071150076A047 /* UI */ = {
			isa = PBXGroup;
			children = (
				746A08312F8071150076A047 /* Components */,
				746A08332F8071150076A047 /* Design */,
			);
			path = UI;
			sourceTree = "<group>";
		};
		746A083F2F8071150076A047 /* 133DradigoxBorsexslan */ = {
			isa = PBXGroup;
			children = (
				746A080F2F8071150076A047 /* Core */,
				746A082C2F8071150076A047 /* Features */,
				746A082E2F8071150076A047 /* Models */,
				746A08342F8071150076A047 /* UI */,
				746A08352F8071150076A047 /* AppDelegate.swift */,
				746A08362F8071150076A047 /* Assets.xcassets */,
				746A08372F8071150076A047 /* ContentView.swift */,
				746A08382F8071150076A047 /* Info.plist */,
				746A083A2F8071150076A047 /* LaunchScreen.storyboard */,
				746A083C2F8071150076A047 /* Main.storyboard */,
				746A083D2F8071150076A047 /* SceneDelegate.swift */,
				746A083E2F8071150076A047 /* ViewController.swift */,
				30CB34F72F8CCBA400699281 /* Router */,
			);
			path = 133DradigoxBorsexslan;
			sourceTree = "<group>";
		};
/* End PBXGroup section */

/* Begin PBXNativeTarget section */
		746A07642F80618F0076A047 /* 133DradigoxBorsexslan */ = {
			isa = PBXNativeTarget;
			buildConfigurationList = 746A07782F8061900076A047 /* Build configuration list for PBXNativeTarget "133DradigoxBorsexslan" */;
			buildPhases = (
				0F426DF098E926E4F500221A /* [CP] Check Pods Manifest.lock */,
				746A07612F80618F0076A047 /* Sources */,
				746A07622F80618F0076A047 /* Frameworks */,
				746A07632F80618F0076A047 /* Resources */,
			);
			buildRules = (
			);
			dependencies = (
			);
			name = 133DradigoxBorsexslan;
			productName = 133DradigoxBorsexslan;
			productReference = 746A07652F80618F0076A047 /* 133DradigoxBorsexslan.app */;
			productType = "com.apple.product-type.application";
		};
/* End PBXNativeTarget section */

/* Begin PBXProject section */
		746A075D2F80618F0076A047 /* Project object */ = {
			isa = PBXProject;
			attributes = {
				BuildIndependentTargetsInParallel = 1;
				LastSwiftUpdateCheck = 2620;
				LastUpgradeCheck = 2620;
				TargetAttributes = {
					746A07642F80618F0076A047 = {
						CreatedOnToolsVersion = 26.2;
					};
				};
			};
			buildConfigurationList = 746A07602F80618F0076A047 /* Build configuration list for PBXProject "133DradigoxBorsexslan" */;
			compatibilityVersion = "Xcode 15.0";
			developmentRegion = en;
			hasScannedForEncodings = 0;
			knownRegions = (
				en,
				Base,
			);
			mainGroup = 746A075C2F80618F0076A047;
			productRefGroup = 746A07662F80618F0076A047 /* Products */;
			projectDirPath = "";
			projectRoot = "";
			targets = (
				746A07642F80618F0076A047 /* 133DradigoxBorsexslan */,
			);
		};
/* End PBXProject section */

/* Begin PBXResourcesBuildPhase section */
		746A07632F80618F0076A047 /* Resources */ = {
			isa = PBXResourcesBuildPhase;
			buildActionMask = 2147483647;
			files = (
				746A08402F8071150076A047 /* Assets.xcassets in Resources */,
				746A08422F8071150076A047 /* LaunchScreen.storyboard in Resources */,
				746A08432F8071150076A047 /* Main.storyboard in Resources */,
			);
			runOnlyForDeploymentPostprocessing = 0;
		};
/* End PBXResourcesBuildPhase section */

/* Begin PBXShellScriptBuildPhase section */
		0F426DF098E926E4F500221A /* [CP] Check Pods Manifest.lock */ = {
			isa = PBXShellScriptBuildPhase;
			buildActionMask = 2147483647;
			files = (
			);
			inputFileListPaths = (
			);
			inputPaths = (
				"${PODS_PODFILE_DIR_PATH}/Podfile.lock",
				"${PODS_ROOT}/Manifest.lock",
			);
			name = "[CP] Check Pods Manifest.lock";
			outputFileListPaths = (
			);
			outputPaths = (
				"$(DERIVED_FILE_DIR)/Pods-133DradigoxBorsexslan-checkManifestLockResult.txt",
			);
			runOnlyForDeploymentPostprocessing = 0;
			shellPath = /bin/sh;
			shellScript = "diff \"${PODS_PODFILE_DIR_PATH}/Podfile.lock\" \"${PODS_ROOT}/Manifest.lock\" > /dev/null\nif [ $? != 0 ] ; then\n    # print error to STDERR\n    echo \"error: The sandbox is not in sync with the Podfile.lock. Run 'pod install' or update your CocoaPods installation.\" >&2\n    exit 1\nfi\n# This output is used by Xcode 'outputs' to avoid re-running this script phase.\necho \"SUCCESS\" > \"${SCRIPT_OUTPUT_FILE_0}\"\n";
			showEnvVarsInLog = 0;
		};
/* End PBXShellScriptBuildPhase section */

/* Begin PBXSourcesBuildPhase section */
		746A07612F80618F0076A047 /* Sources */ = {
			isa = PBXSourcesBuildPhase;
			buildActionMask = 2147483647;
			files = (
				746A08442F8071150076A047 /* AppExternalURL.swift in Sources */,
				746A08452F8071150076A047 /* AppStorage.swift in Sources */,
				746A08462F8071150076A047 /* ProgressNotifications.swift in Sources */,
				746A08472F8071150076A047 /* TabRouter.swift in Sources */,
				746A08482F8071150076A047 /* ChallengesRootView.swift in Sources */,
				746A08492F8071150076A047 /* GoalkeeperReflexContainer.swift in Sources */,
				746A084A2F8071150076A047 /* GoalkeeperReflexView.swift in Sources */,
				746A084B2F8071150076A047 /* GoalkeeperReflexViewModel.swift in Sources */,
				746A084C2F8071150076A047 /* HomeView.swift in Sources */,
				746A084D2F8071150076A047 /* LeaderboardView.swift in Sources */,
				746A084E2F8071150076A047 /* MainTabView.swift in Sources */,
				746A084F2F8071150076A047 /* VirtualMarathonContainer.swift in Sources */,
				746A08502F8071150076A047 /* VirtualMarathonView.swift in Sources */,
				746A08512F8071150076A047 /* VirtualMarathonViewModel.swift in Sources */,
				746A08522F8071150076A047 /* OnboardingView.swift in Sources */,
				746A08532F8071150076A047 /* PrecisionPassContainer.swift in Sources */,
				746A08542F8071150076A047 /* PrecisionPassView.swift in Sources */,
				746A08552F8071150076A047 /* PrecisionPassViewModel.swift in Sources */,
				746A08562F8071150076A047 /* ProfileView.swift in Sources */,
				746A08572F8071150076A047 /* ActivityResultView.swift in Sources */,
				746A08582F8071150076A047 /* SettingsView.swift in Sources */,
				746A08592F8071150076A047 /* ChallengeModels.swift in Sources */,
				746A085A2F8071150076A047 /* LockGlyph.swift in Sources */,
				746A085B2F8071150076A047 /* PrimaryButton.swift in Sources */,
				746A085C2F8071150076A047 /* AppChrome.swift in Sources */,
				746A085D2F8071150076A047 /* AppDelegate.swift in Sources */,
				746A085E2F8071150076A047 /* ContentView.swift in Sources */,
				746A085F2F8071150076A047 /* SceneDelegate.swift in Sources */,
				746A08602F8071150076A047 /* ViewController.swift in Sources */,
				30CB34F82F8CCBA400699281 /* PrivacyWebView.swift in Sources */,
				30CB34F92F8CCBA400699281 /* PersistenceManager.swift in Sources */,
				30CB34FA2F8CCBA400699281 /* AppRouter.swift in Sources */,
				30CB34FB2F8CCBA400699281 /* SaveService.swift in Sources */,
				30CB34FC2F8CCBA400699281 /* StartMainView.swift in Sources */,
			);
			runOnlyForDeploymentPostprocessing = 0;
		};
/* End PBXSourcesBuildPhase section */

/* Begin PBXVariantGroup section */
		746A083A2F8071150076A047 /* LaunchScreen.storyboard */ = {
			isa = PBXVariantGroup;
			children = (
				746A08392F8071150076A047 /* Base */,
			);
			name = LaunchScreen.storyboard;
			sourceTree = "<group>";
		};
		746A083C2F8071150076A047 /* Main.storyboard */ = {
			isa = PBXVariantGroup;
			children = (
				746A083B2F8071150076A047 /* Base */,
			);
			name = Main.storyboard;
			sourceTree = "<group>";
		};
/* End PBXVariantGroup section */

/* Begin XCBuildConfiguration section */
		746A07792F8061900076A047 /* Debug */ = {
			isa = XCBuildConfiguration;
			baseConfigurationReference = 6F0F46275C75122A7FDC7F13 /* Pods-133DradigoxBorsexslan.debug.xcconfig */;
			buildSettings = {
				ASSETCATALOG_COMPILER_APPICON_NAME = AppIcon;
				ASSETCATALOG_COMPILER_GLOBAL_ACCENT_COLOR_NAME = AccentColor;
				CODE_SIGN_STYLE = Automatic;
				CURRENT_PROJECT_VERSION = 1;
				GENERATE_INFOPLIST_FILE = YES;
				INFOPLIST_FILE = 133DradigoxBorsexslan/Info.plist;
				INFOPLIST_KEY_CFBundleDisplayName = "Dradigox Borsexslan";
				INFOPLIST_KEY_UIApplicationSupportsIndirectInputEvents = YES;
				INFOPLIST_KEY_UILaunchStoryboardName = LaunchScreen;
				INFOPLIST_KEY_UIMainStoryboardFile = Main;
				INFOPLIST_KEY_UIRequiresFullScreen = YES;
				INFOPLIST_KEY_UISupportedInterfaceOrientations = UIInterfaceOrientationPortrait;
				INFOPLIST_KEY_UISupportedInterfaceOrientations_iPad = UIInterfaceOrientationPortrait;
				IPHONEOS_DEPLOYMENT_TARGET = 16.0;
				LD_RUNPATH_SEARCH_PATHS = (
					"$(inherited)",
					"@executable_path/Frameworks",
				);
				MARKETING_VERSION = 1.1;
				PRODUCT_BUNDLE_IDENTIFIER = com.ann.dr8d3g0xb3rs1xsl0n;
				PRODUCT_NAME = "$(TARGET_NAME)";
				STRING_CATALOG_GENERATE_SYMBOLS = YES;
				SUPPORTED_PLATFORMS = "iphoneos iphonesimulator";
				SUPPORTS_MACCATALYST = NO;
				SUPPORTS_MAC_DESIGNED_FOR_IPHONE_IPAD = NO;
				SUPPORTS_XR_DESIGNED_FOR_IPHONE_IPAD = NO;
				SWIFT_APPROACHABLE_CONCURRENCY = YES;
				SWIFT_DEFAULT_ACTOR_ISOLATION = MainActor;
				SWIFT_EMIT_LOC_STRINGS = YES;
				SWIFT_UPCOMING_FEATURE_MEMBER_IMPORT_VISIBILITY = YES;
				SWIFT_VERSION = 5.0;
				TARGETED_DEVICE_FAMILY = 1;
			};
			name = Debug;
		};
		746A077A2F8061900076A047 /* Release */ = {
			isa = XCBuildConfiguration;
			baseConfigurationReference = 0F7D69EC9A4936211CC103DE /* Pods-133DradigoxBorsexslan.release.xcconfig */;
			buildSettings = {
				ASSETCATALOG_COMPILER_APPICON_NAME = AppIcon;
				ASSETCATALOG_COMPILER_GLOBAL_ACCENT_COLOR_NAME = AccentColor;
				CODE_SIGN_STYLE = Automatic;
				CURRENT_PROJECT_VERSION = 1;
				GENERATE_INFOPLIST_FILE = YES;
				INFOPLIST_FILE = 133DradigoxBorsexslan/Info.plist;
				INFOPLIST_KEY_CFBundleDisplayName = "Dradigox Borsexslan";
				INFOPLIST_KEY_UIApplicationSupportsIndirectInputEvents = YES;
				INFOPLIST_KEY_UILaunchStoryboardName = LaunchScreen;
				INFOPLIST_KEY_UIMainStoryboardFile = Main;
				INFOPLIST_KEY_UIRequiresFullScreen = YES;
				INFOPLIST_KEY_UISupportedInterfaceOrientations = UIInterfaceOrientationPortrait;
				INFOPLIST_KEY_UISupportedInterfaceOrientations_iPad = UIInterfaceOrientationPortrait;
				IPHONEOS_DEPLOYMENT_TARGET = 16.0;
				LD_RUNPATH_SEARCH_PATHS = (
					"$(inherited)",
					"@executable_path/Frameworks",
				);
				MARKETING_VERSION = 1.1;
				PRODUCT_BUNDLE_IDENTIFIER = com.ann.dr8d3g0xb3rs1xsl0n;
				PRODUCT_NAME = "$(TARGET_NAME)";
				STRING_CATALOG_GENERATE_SYMBOLS = YES;
				SUPPORTED_PLATFORMS = "iphoneos iphonesimulator";
				SUPPORTS_MACCATALYST = NO;
				SUPPORTS_MAC_DESIGNED_FOR_IPHONE_IPAD = NO;
				SUPPORTS_XR_DESIGNED_FOR_IPHONE_IPAD = NO;
				SWIFT_APPROACHABLE_CONCURRENCY = YES;
				SWIFT_DEFAULT_ACTOR_ISOLATION = MainActor;
				SWIFT_EMIT_LOC_STRINGS = YES;
				SWIFT_UPCOMING_FEATURE_MEMBER_IMPORT_VISIBILITY = YES;
				SWIFT_VERSION = 5.0;
				TARGETED_DEVICE_FAMILY = 1;
			};
			name = Release;
		};
		746A077B2F8061900076A047 /* Debug */ = {
			isa = XCBuildConfiguration;
			buildSettings = {
				ALWAYS_SEARCH_USER_PATHS = NO;
				ASSETCATALOG_COMPILER_GENERATE_SWIFT_ASSET_SYMBOL_EXTENSIONS = YES;
				CLANG_ANALYZER_NONNULL = YES;
				CLANG_ANALYZER_NUMBER_OBJECT_CONVERSION = YES_AGGRESSIVE;
				CLANG_CXX_LANGUAGE_STANDARD = "gnu++20";
				CLANG_ENABLE_MODULES = YES;
				CLANG_ENABLE_OBJC_ARC = YES;
				CLANG_ENABLE_OBJC_WEAK = YES;
				CLANG_WARN_BLOCK_CAPTURE_AUTORELEASING = YES;
				CLANG_WARN_BOOL_CONVERSION = YES;
				CLANG_WARN_COMMA = YES;
				CLANG_WARN_CONSTANT_CONVERSION = YES;
				CLANG_WARN_DEPRECATED_OBJC_IMPLEMENTATIONS = YES;
				CLANG_WARN_DIRECT_OBJC_ISA_USAGE = YES_ERROR;
				CLANG_WARN_DOCUMENTATION_COMMENTS = YES;
				CLANG_WARN_EMPTY_BODY = YES;
				CLANG_WARN_ENUM_CONVERSION = YES;
				CLANG_WARN_INFINITE_RECURSION = YES;
				CLANG_WARN_INT_CONVERSION = YES;
				CLANG_WARN_NON_LITERAL_NULL_CONVERSION = YES;
				CLANG_WARN_OBJC_IMPLICIT_RETAIN_SELF = YES;
				CLANG_WARN_OBJC_LITERAL_CONVERSION = YES;
				CLANG_WARN_OBJC_ROOT_CLASS = YES_ERROR;
				CLANG_WARN_QUOTED_INCLUDE_IN_FRAMEWORK_HEADER = YES;
				CLANG_WARN_RANGE_LOOP_ANALYSIS = YES;
				CLANG_WARN_STRICT_PROTOTYPES = YES;
				CLANG_WARN_SUSPICIOUS_MOVE = YES;
				CLANG_WARN_UNGUARDED_AVAILABILITY = YES_AGGRESSIVE;
				CLANG_WARN_UNREACHABLE_CODE = YES;
				CLANG_WARN__DUPLICATE_METHOD_MATCH = YES;
				COPY_PHASE_STRIP = NO;
				DEBUG_INFORMATION_FORMAT = dwarf;
				ENABLE_STRICT_OBJC_MSGSEND = YES;
				ENABLE_TESTABILITY = YES;
				ENABLE_USER_SCRIPT_SANDBOXING = YES;
				GCC_C_LANGUAGE_STANDARD = gnu17;
				GCC_DYNAMIC_NO_PIC = NO;
				GCC_NO_COMMON_BLOCKS = YES;
				GCC_OPTIMIZATION_LEVEL = 0;
				GCC_PREPROCESSOR_DEFINITIONS = (
					"DEBUG=1",
					"$(inherited)",
				);
				GCC_WARN_64_TO_32_BIT_CONVERSION = YES;
				GCC_WARN_ABOUT_RETURN_TYPE = YES_ERROR;
				GCC_WARN_UNDECLARED_SELECTOR = YES;
				GCC_WARN_UNINITIALIZED_AUTOS = YES_AGGRESSIVE;
				GCC_WARN_UNUSED_FUNCTION = YES;
				GCC_WARN_UNUSED_VARIABLE = YES;
				IPHONEOS_DEPLOYMENT_TARGET = 26.2;
				LOCALIZATION_PREFERS_STRING_CATALOGS = YES;
				MTL_ENABLE_DEBUG_INFO = INCLUDE_SOURCE;
				MTL_FAST_MATH = YES;
				ONLY_ACTIVE_ARCH = YES;
				SDKROOT = iphoneos;
				SWIFT_ACTIVE_COMPILATION_CONDITIONS = "DEBUG $(inherited)";
				SWIFT_OPTIMIZATION_LEVEL = "-Onone";
			};
			name = Debug;
		};
		746A077C2F8061900076A047 /* Release */ = {
			isa = XCBuildConfiguration;
			buildSettings = {
				ALWAYS_SEARCH_USER_PATHS = NO;
				ASSETCATALOG_COMPILER_GENERATE_SWIFT_ASSET_SYMBOL_EXTENSIONS = YES;
				CLANG_ANALYZER_NONNULL = YES;
				CLANG_ANALYZER_NUMBER_OBJECT_CONVERSION = YES_AGGRESSIVE;
				CLANG_CXX_LANGUAGE_STANDARD = "gnu++20";
				CLANG_ENABLE_MODULES = YES;
				CLANG_ENABLE_OBJC_ARC = YES;
				CLANG_ENABLE_OBJC_WEAK = YES;
				CLANG_WARN_BLOCK_CAPTURE_AUTORELEASING = YES;
				CLANG_WARN_BOOL_CONVERSION = YES;
				CLANG_WARN_COMMA = YES;
				CLANG_WARN_CONSTANT_CONVERSION = YES;
				CLANG_WARN_DEPRECATED_OBJC_IMPLEMENTATIONS = YES;
				CLANG_WARN_DIRECT_OBJC_ISA_USAGE = YES_ERROR;
				CLANG_WARN_DOCUMENTATION_COMMENTS = YES;
				CLANG_WARN_EMPTY_BODY = YES;
				CLANG_WARN_ENUM_CONVERSION = YES;
				CLANG_WARN_INFINITE_RECURSION = YES;
				CLANG_WARN_INT_CONVERSION = YES;
				CLANG_WARN_NON_LITERAL_NULL_CONVERSION = YES;
				CLANG_WARN_OBJC_IMPLICIT_RETAIN_SELF = YES;
				CLANG_WARN_OBJC_LITERAL_CONVERSION = YES;
				CLANG_WARN_OBJC_ROOT_CLASS = YES_ERROR;
				CLANG_WARN_QUOTED_INCLUDE_IN_FRAMEWORK_HEADER = YES;
				CLANG_WARN_RANGE_LOOP_ANALYSIS = YES;
				CLANG_WARN_STRICT_PROTOTYPES = YES;
				CLANG_WARN_SUSPICIOUS_MOVE = YES;
				CLANG_WARN_UNGUARDED_AVAILABILITY = YES_AGGRESSIVE;
				CLANG_WARN_UNREACHABLE_CODE = YES;
				CLANG_WARN__DUPLICATE_METHOD_MATCH = YES;
				COPY_PHASE_STRIP = NO;
				DEBUG_INFORMATION_FORMAT = "dwarf-with-dsym";
				ENABLE_NS_ASSERTIONS = NO;
				ENABLE_STRICT_OBJC_MSGSEND = YES;
				ENABLE_USER_SCRIPT_SANDBOXING = YES;
				GCC_C_LANGUAGE_STANDARD = gnu17;
				GCC_NO_COMMON_BLOCKS = YES;
				GCC_WARN_64_TO_32_BIT_CONVERSION = YES;
				GCC_WARN_ABOUT_RETURN_TYPE = YES_ERROR;
				GCC_WARN_UNDECLARED_SELECTOR = YES;
				GCC_WARN_UNINITIALIZED_AUTOS = YES_AGGRESSIVE;
				GCC_WARN_UNUSED_FUNCTION = YES;
				GCC_WARN_UNUSED_VARIABLE = YES;
				IPHONEOS_DEPLOYMENT_TARGET = 26.2;
				LOCALIZATION_PREFERS_STRING_CATALOGS = YES;
				MTL_ENABLE_DEBUG_INFO = NO;
				MTL_FAST_MATH = YES;
				SDKROOT = iphoneos;
				SWIFT_COMPILATION_MODE = wholemodule;
				VALIDATE_PRODUCT = YES;
			};
			name = Release;
		};
/* End XCBuildConfiguration section */

/* Begin XCConfigurationList section */
		746A07602F80618F0076A047 /* Build configuration list for PBXProject "133DradigoxBorsexslan" */ = {
			isa = XCConfigurationList;
			buildConfigurations = (
				746A077B2F8061900076A047 /* Debug */,
				746A077C2F8061900076A047 /* Release */,
			);
			defaultConfigurationIsVisible = 0;
			defaultConfigurationName = Release;
		};
		746A07782F8061900076A047 /* Build configuration list for PBXNativeTarget "133DradigoxBorsexslan" */ = {
			isa = XCConfigurationList;
			buildConfigurations = (
				746A07792F8061900076A047 /* Debug */,
				746A077A2F8061900076A047 /* Release */,
			);
			defaultConfigurationIsVisible = 0;
			defaultConfigurationName = Release;
		};
/* End XCConfigurationList section */
	};
	rootObject = 746A075D2F80618F0076A047 /* Project object */;
}
